
Microsoft Visual Studio Solution File, Format Version 12.00
# Visual Studio Version 17
VisualStudioVersion = 17.0.31903.59
MinimumVisualStudioVersion = 10.0.40219.1
Project("{FAE04EC0-301F-11D3-BF4B-00C04F79EFBC}") = "Prostoquasha.AmbientTransactions.Core", "Prostoquasha.AmbientTransactions.Core\Prostoquasha.AmbientTransactions.Core.csproj", "{4140EF35-C36E-4890-9EB2-49D8DD2FFE7C}"
EndProject
Project("{FAE04EC0-301F-11D3-BF4B-00C04F79EFBC}") = "Prostoquasha.AmbientTransactions.Core.Tests", "Prostoquasha.AmbientTransactions.Core.Tests\Prostoquasha.AmbientTransactions.Core.Tests.csproj", "{4FF491A9-3D82-4044-A853-BBBFAD89BFB3}"
EndProject
Global
	GlobalSection(SolutionConfigurationPlatforms) = preSolution
		Debug|Any CPU = Debug|Any CPU
		Release|Any CPU = Release|Any CPU
	EndGlobalSection
	GlobalSection(ProjectConfigurationPlatforms) = postSolution
		{4140EF35-C36E-4890-9EB2-49D8DD2FFE7C}.Debug|Any CPU.ActiveCfg = Debug|Any CPU
		{4140EF35-C36E-4890-9EB2-49D8DD2FFE7C}.Debug|Any CPU.Build.0 = Debug|Any CPU
		{4140EF35-C36E-4890-9EB2-49D8DD2FFE7C}.Release|Any CPU.ActiveCfg = Release|Any CPU
		{4140EF35-C36E-4890-9EB2-49D8DD2FFE7C}.Release|Any CPU.Build.0 = Release|Any CPU
		{4FF491A9-3D82-4044-A853-BBBFAD89BFB3}.Debug|Any CPU.ActiveCfg = Debug|Any CPU
		{4FF491A9-3D82-4044-A853-BBBFAD89BFB3}.Debug|Any CPU.Build.0 = Debug|Any CPU
		{4FF491A9-3D82-4044-A853-BBBFAD89BFB3}.Release|Any CPU.ActiveCfg = Release|Any CPU
		{4FF491A9-3D82-4044-A853-BBBFAD89BFB3}.Release|Any CPU.Build.0 = Release|Any CPU
	EndGlobalSection
	GlobalSection(SolutionProperties) = preSolution
		HideSolutionNode = FALSE
	EndGlobalSection
	GlobalSection(ExtensibilityGlobals) = postSolution
		SolutionGuid = {D5383BAC-4BF8-4DF3-97EA-825CF88E28DA}
	EndGlobalSection
EndGlobal
